
Microsoft Visual Studio Solution File, Format Version 12.00
# Visual Studio Version 17
VisualStudioVersion = 17.0.32002.185
MinimumVisualStudioVersion = 10.0.40219.1
Project("{FAE04EC0-301F-11D3-BF4B-00C04F79EFBC}") = "VesperrBackHomePage", "VesperrBackHomePage\VesperrBackHomePage.csproj", "{8EE8220C-AECF-4B32-83C1-E97A28DC9B59}"
EndProject
Global
	GlobalSection(SolutionConfigurationPlatforms) = preSolution
		Debug|Any CPU = Debug|Any CPU
		Release|Any CPU = Release|Any CPU
	EndGlobalSection
	GlobalSection(ProjectConfigurationPlatforms) = postSolution
		{8EE8220C-AECF-4B32-83C1-E97A28DC9B59}.Debug|Any CPU.ActiveCfg = Debug|Any CPU
		{8EE8220C-AECF-4B32-83C1-E97A28DC9B59}.Debug|Any CPU.Build.0 = Debug|Any CPU
		{8EE8220C-AECF-4B32-83C1-E97A28DC9B59}.Release|Any CPU.ActiveCfg = Release|Any CPU
		{8EE8220C-AECF-4B32-83C1-E97A28DC9B59}.Release|Any CPU.Build.0 = Release|Any CPU
	EndGlobalSection
	GlobalSection(SolutionProperties) = preSolution
		HideSolutionNode = FALSE
	EndGlobalSection
	GlobalSection(ExtensibilityGlobals) = postSolution
		SolutionGuid = {A0B8A309-84F4-4AC8-A431-077111EEC25D}
	EndGlobalSection
EndGlobal
